{
  "projects": [
    {
      "projectId": "4873twxeH88i7MYXjYktuR",
      "version": "latest",
      "dependencies": {},
      "lang": "js",
      "fileLocks": [
        {
          "type": "globalVariant",
          "assetId": "MybtfhPzjb6zm",
          "checksum": "a809bbaaf93bf8869bf354c94f4fb62e"
        },
        {
          "type": "renderModule",
          "assetId": "7BDiKA8AHJMX",
          "checksum": "2d4a65a939c6643c01b615604b744f0e"
        },
        {
          "type": "cssRules",
          "assetId": "7BDiKA8AHJMX",
          "checksum": "2d4a65a939c6643c01b615604b744f0e"
        },
        {
          "assetId": "4873twxeH88i7MYXjYktuR",
          "type": "projectCss",
          "checksum": "8aac3659546baaa63b3ec10e7c9e7d1b"
        },
        {
          "type": "renderModule",
          "assetId": "nHD9Ae7fUs",
          "checksum": "044d96dd94487c08b3683bd7e5647c47"
        },
        {
          "type": "cssRules",
          "assetId": "nHD9Ae7fUs",
          "checksum": "044d96dd94487c08b3683bd7e5647c47"
        },
        {
          "type": "renderModule",
          "assetId": "FjEMMKSOtb",
          "checksum": "3af5c0505fd825ee8ad7313d94f9c259"
        },
        {
          "type": "cssRules",
          "assetId": "FjEMMKSOtb",
          "checksum": "3af5c0505fd825ee8ad7313d94f9c259"
        }
      ],
      "codegenVersion": "0.0.1"
    }
  ],
  "cliVersion": "0.1.184"
}
