{
  "projects": [
    {
      "projectId": "4873twxeH88i7MYXjYktuR",
      "version": "latest",
      "dependencies": {},
      "lang": "js",
      "fileLocks": [
        {
          "type": "globalVariant",
          "assetId": "MybtfhPzjb6zm",
          "checksum": "a809bbaaf93bf8869bf354c94f4fb62e"
        },
        {
          "type": "renderModule",
          "assetId": "7BDiKA8AHJMX",
          "checksum": "e8f5e0d66f60e657582257164da7fb14"
        },
        {
          "type": "cssRules",
          "assetId": "7BDiKA8AHJMX",
          "checksum": "e8f5e0d66f60e657582257164da7fb14"
        },
        {
          "type": "renderModule",
          "assetId": "nHD9Ae7fUs",
          "checksum": "40a30af7a460e4e7d8c7b81bbf6cab47"
        },
        {
          "type": "cssRules",
          "assetId": "nHD9Ae7fUs",
          "checksum": "40a30af7a460e4e7d8c7b81bbf6cab47"
        },
        {
          "type": "renderModule",
          "assetId": "FjEMMKSOtb",
          "checksum": "b16868f7ea918bbcfbeb8bb4bb96dc56"
        },
        {
          "type": "cssRules",
          "assetId": "FjEMMKSOtb",
          "checksum": "b16868f7ea918bbcfbeb8bb4bb96dc56"
        },
        {
          "assetId": "4873twxeH88i7MYXjYktuR",
          "type": "projectCss",
          "checksum": "0c89caba5e2a9e974851ec8e5be53421"
        }
      ],
      "codegenVersion": "0.0.1"
    }
  ],
  "cliVersion": "0.1.184"
}
